{
  "name": "my-react-app",
  "version": "1.0.0",
  "lockfileVersion": 1,
  "requires": true,
  "dependencies": {
    "@types/node": {
      "version": "16.11.7",
      "resolved": "https://registry.npmjs.org/@types/node/-/node-16.11.7.tgz",
      "integrity": "sha512-rzvl7aL0GInbV7myYmZPqAksTzmTggPh9v+8twGfb2Q0FowRdR+Ov7P+jeyWQ+orKbujRBoX9Cnk8JW+W3q+g==",
      "dev": true,
      "requires": {
        "node": ">=10.0.0"
      }
    },
    "@types/react": {
      "version": "17.0.37",
      "resolved": "https://registry.npmjs.org/@types/react/-/react-17.0.37.tgz",
      "integrity": "sha512-LPjj7VjK0nSoGGhVz9X9sng/aE1YkxxwG8/1VMc6U4j4E3b6Nz8JSNNsiM9LHdS2A84eAZK8Ov5fvvltnyR5Qw==",
      "dev": true,
      "requires": {
        "@types/prop-types": "*",
        "@types/scheduler": "*"
      }
    },
    "@types/react-dom": {
      "version": "17.0.11",
      "resolved": "https://registry.npmjs.org/@types/react-dom/-/react-dom-17.0.11.tgz",
      "integrity": "sha512-KN1RfJ2yH5Fj+cv1jhX5ug5rY3ATJWw6OrZhU6enji4k4q3CuqovDz8ALl9BKhjjzR2Z6FJ0V7TQaLMH54V7A==",
      "dev": true,
      "requires": {
        "@types/react": "*"
      }
    },
    "@types/prop-types": {
      "version": "15.7.4",
      "resolved": "https://registry.npmjs.org/@types/prop-types/-/prop-types-15.7.4.tgz",
      "integrity": "sha512-tNDINciWtGjvYTJgFtIpM0tHohW+k9XQ+oZhgI0+DAu/Z8WwJHUr+/RgyicRyQRQgjzeSpF9X5JbE5+HaG3q8w
